
Microsoft Visual Studio Solution File, Format Version 12.00
# Visual Studio Version 16
VisualStudioVersion = 16.0.29609.76
MinimumVisualStudioVersion = 10.0.40219.1
Project("{2150E333-8FDC-42A3-9474-1A3956D46DE8}") = "Solution", "Solution", "{9F7FAD4B-D26D-4738-BC14-DD3A999C0D7C}"
EndProject
Project("{9A19103F-16F7-4668-BE54-9A1E7A4F7556}") = "SolutionsNew", "SolutionsNew\SolutionsNew.csproj", "{E13E0655-5A84-4BF6-A360-B82A3987D21A}"
EndProject
Project("{9A19103F-16F7-4668-BE54-9A1E7A4F7556}") = "SolutionsNUnitTests", "SolutionsTests\SolutionsNUnitTests.csproj", "{05BB9415-D156-4895-A6B1-86138E322911}"
EndProject
Project("{FAE04EC0-301F-11D3-BF4B-00C04F79EFBC}") = "SolutionsMSUnitTest", "SolutionsMSUnitTest\SolutionsMSUnitTest.csproj", "{5083B20B-916B-4D62-A0A8-9FB00050DE1A}"
EndProject
Global
	GlobalSection(SolutionConfigurationPlatforms) = preSolution
		Debug|Any CPU = Debug|Any CPU
		Release|Any CPU = Release|Any CPU
	EndGlobalSection
	GlobalSection(ProjectConfigurationPlatforms) = postSolution
		{E13E0655-5A84-4BF6-A360-B82A3987D21A}.Debug|Any CPU.ActiveCfg = Debug|Any CPU
		{E13E0655-5A84-4BF6-A360-B82A3987D21A}.Debug|Any CPU.Build.0 = Debug|Any CPU
		{E13E0655-5A84-4BF6-A360-B82A3987D21A}.Release|Any CPU.ActiveCfg = Release|Any CPU
		{E13E0655-5A84-4BF6-A360-B82A3987D21A}.Release|Any CPU.Build.0 = Release|Any CPU
		{05BB9415-D156-4895-A6B1-86138E322911}.Debug|Any CPU.ActiveCfg = Debug|Any CPU
		{05BB9415-D156-4895-A6B1-86138E322911}.Debug|Any CPU.Build.0 = Debug|Any CPU
		{05BB9415-D156-4895-A6B1-86138E322911}.Release|Any CPU.ActiveCfg = Release|Any CPU
		{05BB9415-D156-4895-A6B1-86138E322911}.Release|Any CPU.Build.0 = Release|Any CPU
		{5083B20B-916B-4D62-A0A8-9FB00050DE1A}.Debug|Any CPU.ActiveCfg = Debug|Any CPU
		{5083B20B-916B-4D62-A0A8-9FB00050DE1A}.Debug|Any CPU.Build.0 = Debug|Any CPU
		{5083B20B-916B-4D62-A0A8-9FB00050DE1A}.Release|Any CPU.ActiveCfg = Release|Any CPU
		{5083B20B-916B-4D62-A0A8-9FB00050DE1A}.Release|Any CPU.Build.0 = Release|Any CPU
	EndGlobalSection
	GlobalSection(SolutionProperties) = preSolution
		HideSolutionNode = FALSE
	EndGlobalSection
	GlobalSection(ExtensibilityGlobals) = postSolution
		SolutionGuid = {0026EA0A-8EE1-4FB9-98C1-8FC92A6D5F8B}
	EndGlobalSection
EndGlobal
